<?xml version="1.0" encoding="utf-8"?>
<Project ToolsVersion="4.0" xmlns="http://schemas.microsoft.com/developer/msbuild/2003">
  <ItemGroup>
    <Filter Include="pch">
      <UniqueIdentifier>{809C880B-ECA5-887C-7521-9F7CE129947C}</UniqueIdentifier>
    </Filter>
    <Filter Include="src">
      <UniqueIdentifier>{2DAB880B-99B4-887C-2230-9F7C8E38947C}</UniqueIdentifier>
    </Filter>
    <Filter Include="src\Assets">
      <UniqueIdentifier>{6FFD3E05-5BB5-8052-C4BC-59AEB0931B43}</UniqueIdentifier>
    </Filter>
    <Filter Include="src\Core">
      <UniqueIdentifier>{A5D31CCF-91A0-77DA-BAB9-6582A6E5AC68}</UniqueIdentifier>
    </Filter>
    <Filter Include="src\GUI">
      <UniqueIdentifier>{C1782FA9-2D58-AE44-3670-391BA2CE14A6}</UniqueIdentifier>
    </Filter>
    <Filter Include="src\Graphics">
      <UniqueIdentifier>{0D564864-F9B8-D708-A23E-10BF8E80A38B}</UniqueIdentifier>
    </Filter>
    <Filter Include="src\System">
      <UniqueIdentifier>{A1A9A82F-8D61-EA7C-F668-C3D8E23F856D}</UniqueIdentifier>
    </Filter>
    <Filter Include="src\System\OpenGL">
      <UniqueIdentifier>{B513F4EF-212A-F285-6AA1-7DA7D6F6C20D}</UniqueIdentifier>
    </Filter>
    <Filter Include="src\System\Windows">
      <UniqueIdentifier>{DB649246-C748-539C-30A9-4DEF1CAC3D1E}</UniqueIdentifier>
    </Filter>
    <Filter Include="src\Utils">
      <UniqueIdentifier>{4D9AFFB3-B904-B42A-0243-65D06EEC917F}</UniqueIdentifier>
    </Filter>
  </ItemGroup>
  <ItemGroup>
    <ClInclude Include="pch\pch.h">
      <Filter>pch</Filter>
    </ClInclude>
    <ClInclude Include="src\Assets\Font.h">
      <Filter>src\Assets</Filter>
    </ClInclude>
    <ClInclude Include="src\Assets\Manager.h">
      <Filter>src\Assets</Filter>
    </ClInclude>
    <ClInclude Include="src\Assets\Shader.h">
      <Filter>src\Assets</Filter>
    </ClInclude>
    <ClInclude Include="src\Assets\Texture.h">
      <Filter>src\Assets</Filter>
    </ClInclude>
    <ClInclude Include="src\Core\Application.h">
      <Filter>src\Core</Filter>
    </ClInclude>
    <ClInclude Include="src\Core\Event.h">
      <Filter>src\Core</Filter>
    </ClInclude>
    <ClInclude Include="src\Core\IO.h">
      <Filter>src\Core</Filter>
    </ClInclude>
    <ClInclude Include="src\Core\Input.h">
      <Filter>src\Core</Filter>
    </ClInclude>
    <ClInclude Include="src\Core\Keycode.h">
      <Filter>src\Core</Filter>
    </ClInclude>
    <ClInclude Include="src\Core\Layer.h">
      <Filter>src\Core</Filter>
    </ClInclude>
    <ClInclude Include="src\Core\Window.h">
      <Filter>src\Core</Filter>
    </ClInclude>
    <ClInclude Include="src\GUI\GUI.h">
      <Filter>src\GUI</Filter>
    </ClInclude>
    <ClInclude Include="src\GUI\GUIBox.h">
      <Filter>src\GUI</Filter>
    </ClInclude>
    <ClInclude Include="src\GUI\GUILayer.h">
      <Filter>src\GUI</Filter>
    </ClInclude>
    <ClInclude Include="src\GUI\GUIRenderer.h">
      <Filter>src\GUI</Filter>
    </ClInclude>
    <ClInclude Include="src\GUI\GUIStyle.h">
      <Filter>src\GUI</Filter>
    </ClInclude>
    <ClInclude Include="src\GUI\Interface.h">
      <Filter>src\GUI</Filter>
    </ClInclude>
    <ClInclude Include="src\GUI\Types.h">
      <Filter>src\GUI</Filter>
    </ClInclude>
    <ClInclude Include="src\Graphics\Bitmap.h">
      <Filter>src\Graphics</Filter>
    </ClInclude>
    <ClInclude Include="src\Graphics\Buffer.h">
      <Filter>src\Graphics</Filter>
    </ClInclude>
    <ClInclude Include="src\Graphics\Camera2D.h">
      <Filter>src\Graphics</Filter>
    </ClInclude>
    <ClInclude Include="src\Graphics\Camera3D.h">
      <Filter>src\Graphics</Filter>
    </ClInclude>
    <ClInclude Include="src\Graphics\CameraController.h">
      <Filter>src\Graphics</Filter>
    </ClInclude>
    <ClInclude Include="src\Graphics\Renderable2D.h">
      <Filter>src\Graphics</Filter>
    </ClInclude>
    <ClInclude Include="src\Graphics\Renderer.h">
      <Filter>src\Graphics</Filter>
    </ClInclude>
    <ClInclude Include="src\Graphics\Renderer2D.h">
      <Filter>src\Graphics</Filter>
    </ClInclude>
    <ClInclude Include="src\Graphics\ShaderProgram.h">
      <Filter>src\Graphics</Filter>
    </ClInclude>
    <ClInclude Include="src\Graphics\VertexArray.h">
      <Filter>src\Graphics</Filter>
    </ClInclude>
    <ClInclude Include="src\Lux.h">
      <Filter>src</Filter>
    </ClInclude>
    <ClInclude Include="src\System\OpenGL\Bitmap.h">
      <Filter>src\System\OpenGL</Filter>
    </ClInclude>
    <ClInclude Include="src\System\OpenGL\Buffer.h">
      <Filter>src\System\OpenGL</Filter>
    </ClInclude>
    <ClInclude Include="src\System\OpenGL\OpenGL.h">
      <Filter>src\System\OpenGL</Filter>
    </ClInclude>
    <ClInclude Include="src\System\OpenGL\RendererAPI.h">
      <Filter>src\System\OpenGL</Filter>
    </ClInclude>
    <ClInclude Include="src\System\OpenGL\ShaderProgram.h">
      <Filter>src\System\OpenGL</Filter>
    </ClInclude>
    <ClInclude Include="src\System\OpenGL\VertexArray.h">
      <Filter>src\System\OpenGL</Filter>
    </ClInclude>
    <ClInclude Include="src\System\SystemController.h">
      <Filter>src\System</Filter>
    </ClInclude>
    <ClInclude Include="src\Utils\Assert.h">
      <Filter>src\Utils</Filter>
    </ClInclude>
    <ClInclude Include="src\Utils\Logger.h">
      <Filter>src\Utils</Filter>
    </ClInclude>
    <ClInclude Include="src\Utils\Random.h">
      <Filter>src\Utils</Filter>
    </ClInclude>
    <ClInclude Include="src\Utils\Types.h">
      <Filter>src\Utils</Filter>
    </ClInclude>
  </ItemGroup>
  <ItemGroup>
    <ClCompile Include="pch\pch.cpp">
      <Filter>pch</Filter>
    </ClCompile>
    <ClCompile Include="src\Assets\Font.cpp">
      <Filter>src\Assets</Filter>
    </ClCompile>
    <ClCompile Include="src\Assets\Manager.cpp">
      <Filter>src\Assets</Filter>
    </ClCompile>
    <ClCompile Include="src\Assets\Shader.cpp">
      <Filter>src\Assets</Filter>
    </ClCompile>
    <ClCompile Include="src\Assets\Texture.cpp">
      <Filter>src\Assets</Filter>
    </ClCompile>
    <ClCompile Include="src\Core\Application.cpp">
      <Filter>src\Core</Filter>
    </ClCompile>
    <ClCompile Include="src\Core\EntryPoint.cpp">
      <Filter>src\Core</Filter>
    </ClCompile>
    <ClCompile Include="src\Core\IO.cpp">
      <Filter>src\Core</Filter>
    </ClCompile>
    <ClCompile Include="src\GUI\GUILayer.cpp">
      <Filter>src\GUI</Filter>
    </ClCompile>
    <ClCompile Include="src\GUI\Types.cpp">
      <Filter>src\GUI</Filter>
    </ClCompile>
    <ClCompile Include="src\Graphics\Bitmap.cpp">
      <Filter>src\Graphics</Filter>
    </ClCompile>
    <ClCompile Include="src\Graphics\Buffer.cpp">
      <Filter>src\Graphics</Filter>
    </ClCompile>
    <ClCompile Include="src\Graphics\Camera2D.cpp">
      <Filter>src\Graphics</Filter>
    </ClCompile>
    <ClCompile Include="src\Graphics\CameraController.cpp">
      <Filter>src\Graphics</Filter>
    </ClCompile>
    <ClCompile Include="src\Graphics\Renderer.cpp">
      <Filter>src\Graphics</Filter>
    </ClCompile>
    <ClCompile Include="src\Graphics\Renderer2D.cpp">
      <Filter>src\Graphics</Filter>
    </ClCompile>
    <ClCompile Include="src\Graphics\ShaderProgram.cpp">
      <Filter>src\Graphics</Filter>
    </ClCompile>
    <ClCompile Include="src\Graphics\VertexArray.cpp">
      <Filter>src\Graphics</Filter>
    </ClCompile>
    <ClCompile Include="src\System\OpenGL\Bitmap.cpp">
      <Filter>src\System\OpenGL</Filter>
    </ClCompile>
    <ClCompile Include="src\System\OpenGL\Buffer.cpp">
      <Filter>src\System\OpenGL</Filter>
    </ClCompile>
    <ClCompile Include="src\System\OpenGL\ShaderProgram.cpp">
      <Filter>src\System\OpenGL</Filter>
    </ClCompile>
    <ClCompile Include="src\System\OpenGL\VertexArray.cpp">
      <Filter>src\System\OpenGL</Filter>
    </ClCompile>
    <ClCompile Include="src\System\Windows\GLFWKeycodeConverter.cpp">
      <Filter>src\System\Windows</Filter>
    </ClCompile>
    <ClCompile Include="src\System\Windows\WindowsWindow.cpp">
      <Filter>src\System\Windows</Filter>
    </ClCompile>
  </ItemGroup>
</Project>